{
  "name": "zelda-i180-lint",
  "version": "0.0.1",
  "lockfileVersion": 1,
  "requires": true,
  "dependencies": {
    "cleye": {
      "version": "1.3.2",
      "requires": {
        "terminal-columns": "^1.4.1",
        "type-flag": "^3.0.0"
      },
      "dependencies": {
        "terminal-columns": {
          "version": "1.4.1",
          "resolved": "https://registry.npmmirror.com/terminal-columns/-/terminal-columns-1.4.1.tgz",
          "integrity": "sha512-IKVL/itiMy947XWVv4IHV7a0KQXvKjj4ptbi7Ew9MPMcOLzkiQeyx3Gyvh62hKrfJ0RZc4M1nbhzjNM39Kyujw=="
        },
        "type-flag": {
          "version": "3.0.0",
          "resolved": "https://registry.npmmirror.com/type-flag/-/type-flag-3.0.0.tgz",
          "integrity": "sha512-3YaYwMseXCAhBB14RXW5cRQfJQlEknS6i4C8fCfeUdS3ihG9EdccdR9kt3vP73ZdeTGmPb4bZtkDn5XMIn1DLA=="
        }
      }
    },
    "peggy": {
      "version": "3.0.0",
      "requires": {
        "commander": "^10.0.0",
        "source-map-generator": "0.8.0"
      },
      "dependencies": {
        "commander": {
          "version": "10.0.0",
          "resolved": "https://registry.npmmirror.com/commander/-/commander-10.0.0.tgz",
          "integrity": "sha512-zS5PnTI22FIRM6ylNW8G4Ap0IEOyk62fhLSD0+uHRT9McRCLGpkVNvao4bjimpK/GShynyQkFFxHhwMcETmduA=="
        },
        "source-map-generator": {
          "version": "0.8.0",
          "resolved": "https://registry.npmmirror.com/source-map-generator/-/source-map-generator-0.8.0.tgz",
          "integrity": "sha512-psgxdGMwl5MZM9S3FWee4EgsEaIjahYV5AzGnwUvPhWeITz/j6rKpysQHlQ4USdxvINlb8lKfWGIXwfkrgtqkA=="
        }
      }
    }
  }
}
